PODS:
  - SeelWidget (0.1.0):
    - SnapKit (~> 5.6.0)
  - SnapKit (5.6.0)

DEPENDENCIES:
  - SeelWidget (from `../`)

SPEC REPOS:
  trunk:
    - SnapKit

EXTERNAL SOURCES:
  SeelWidget:
    :path: "../"

SPEC CHECKSUMS:
  SeelWidget: 1c7882236aacd0d65b233628757e465ddf9cc875
  SnapKit: e01d52ebb8ddbc333eefe2132acf85c8227d9c25

PODFILE CHECKSUM: babd2de01e8d1cf7dc0fba8df01c2d2f2c14c328

COCOAPODS: 1.13.0
