PODS:
  - SeelWidget (0.1.10):
    - SnapKit (~> 5.6.0)
  - SnapKit (5.6.0)

DEPENDENCIES:
  - SeelWidget (from `../`)

SPEC REPOS:
  trunk:
    - SnapKit

EXTERNAL SOURCES:
  SeelWidget:
    :path: "../"

SPEC CHECKSUMS:
  SeelWidget: df78779bf16a9767cc52c246fcf0a0049e7f6be1
  SnapKit: e01d52ebb8ddbc333eefe2132acf85c8227d9c25

PODFILE CHECKSUM: babd2de01e8d1cf7dc0fba8df01c2d2f2c14c328

COCOAPODS: 1.16.2
